
Microsoft Visual Studio Solution File, Format Version 12.00
# Visual Studio Version 16
VisualStudioVersion = 16.0.29519.181
MinimumVisualStudioVersion = 10.0.40219.1
Project("{9A19103F-16F7-4668-BE54-9A1E7A4F7556}") = "Mosu", "Mosu\Mosu.csproj", "{1A9FB80A-C936-4811-A156-82CCCFE5C853}"
EndProject
Project("{FAE04EC0-301F-11D3-BF4B-00C04F79EFBC}") = "Mosu.Tests", "Mosu.Tests\Mosu.Tests.csproj", "{7BB7B276-2FAF-44DC-B9CA-FDD053A9971F}"
EndProject
Global
	GlobalSection(SolutionConfigurationPlatforms) = preSolution
		Debug|Any CPU = Debug|Any CPU
		Release|Any CPU = Release|Any CPU
	EndGlobalSection
	GlobalSection(ProjectConfigurationPlatforms) = postSolution
		{1A9FB80A-C936-4811-A156-82CCCFE5C853}.Debug|Any CPU.ActiveCfg = Debug|Any CPU
		{1A9FB80A-C936-4811-A156-82CCCFE5C853}.Debug|Any CPU.Build.0 = Debug|Any CPU
		{1A9FB80A-C936-4811-A156-82CCCFE5C853}.Release|Any CPU.ActiveCfg = Release|Any CPU
		{1A9FB80A-C936-4811-A156-82CCCFE5C853}.Release|Any CPU.Build.0 = Release|Any CPU
		{7BB7B276-2FAF-44DC-B9CA-FDD053A9971F}.Debug|Any CPU.ActiveCfg = Debug|Any CPU
		{7BB7B276-2FAF-44DC-B9CA-FDD053A9971F}.Debug|Any CPU.Build.0 = Debug|Any CPU
		{7BB7B276-2FAF-44DC-B9CA-FDD053A9971F}.Release|Any CPU.ActiveCfg = Release|Any CPU
		{7BB7B276-2FAF-44DC-B9CA-FDD053A9971F}.Release|Any CPU.Build.0 = Release|Any CPU
	EndGlobalSection
	GlobalSection(SolutionProperties) = preSolution
		HideSolutionNode = FALSE
	EndGlobalSection
	GlobalSection(ExtensibilityGlobals) = postSolution
		SolutionGuid = {EE14A5C7-2223-4AA4-A7E9-C26171D2D437}
	EndGlobalSection
EndGlobal
